
Microsoft Visual Studio Solution File, Format Version 12.00
# Visual Studio Version 17
VisualStudioVersion = 17.2.32519.379
MinimumVisualStudioVersion = 10.0.40219.1
Project("{F2A71F9B-5D33-465A-A702-920D77279786}") = "Insta360GPXExtract", "Insta360GPXExtract\Insta360GPXExtract.fsproj", "{C996D593-C31B-49FD-9C4D-D5BE62C61CB1}"
EndProject
Global
	GlobalSection(SolutionConfigurationPlatforms) = preSolution
		Debug|Any CPU = Debug|Any CPU
		Release|Any CPU = Release|Any CPU
	EndGlobalSection
	GlobalSection(ProjectConfigurationPlatforms) = postSolution
		{C996D593-C31B-49FD-9C4D-D5BE62C61CB1}.Debug|Any CPU.ActiveCfg = Debug|Any CPU
		{C996D593-C31B-49FD-9C4D-D5BE62C61CB1}.Debug|Any CPU.Build.0 = Debug|Any CPU
		{C996D593-C31B-49FD-9C4D-D5BE62C61CB1}.Release|Any CPU.ActiveCfg = Release|Any CPU
		{C996D593-C31B-49FD-9C4D-D5BE62C61CB1}.Release|Any CPU.Build.0 = Release|Any CPU
	EndGlobalSection
	GlobalSection(SolutionProperties) = preSolution
		HideSolutionNode = FALSE
	EndGlobalSection
	GlobalSection(ExtensibilityGlobals) = postSolution
		SolutionGuid = {5BD698BF-D839-454F-9D97-8D23240FA3A7}
	EndGlobalSection
EndGlobal
